<?xml version="1.0" encoding="UTF-8"?>
<CONFIG>
  <ProjectOptions>
    <Version Value="12"/>
    <General>
      <Flags>
        <MainUnitHasCreateFormStatements Value="False"/>
        <MainUnitHasTitleStatement Value="False"/>
        <MainUnitHasScaledStatement Value="False"/>
        <CompatibilityMode Value="True"/>
      </Flags>
      <SessionStorage Value="InProjectDir"/>
      <Title Value="wifiscan"/>
      <UseAppBundle Value="False"/>
      <ResourceType Value="res"/>
    </General>
    <BuildModes Count="1">
      <Item1 Name="ESP8266" Default="True"/>
    </BuildModes>
    <PublishOptions>
      <Version Value="2"/>
      <UseFileFilters Value="True"/>
    </PublishOptions>
    <RunParams>
      <FormatVersion Value="2"/>
    </RunParams>
    <Units Count="1">
      <Unit0>
        <Filename Value="wifiscan.pp"/>
        <IsPartOfProject Value="True"/>
      </Unit0>
    </Units>
  </ProjectOptions>
  <CompilerOptions>
    <Version Value="11"/>
    <Target>
      <Filename Value="project1"/>
    </Target>
    <SearchPaths>
      <IncludeFiles Value="$(ProjOutDir);../../../../../../../Programme/Laz-ESP8266/cross/units/esp8266-idf"/>
      <UnitOutputDirectory Value="lib/$(TargetCPU)-$(TargetOS)"/>
    </SearchPaths>
    <CodeGeneration>
      <TargetProcessor Value="lx106"/>
      <TargetCPU Value="xtensa"/>
      <TargetOS Value="freertos"/>
    </CodeGeneration>
    <Linking>
      <Debugging>
        <GenerateDebugInfo Value="False"/>
        <RunWithoutDebug Value="True"/>
        <UseLineInfoUnit Value="False"/>
      </Debugging>
    </Linking>
    <Other>
      <Verbosity>
        <ShowLineNum Value="True"/>
        <ShowAll Value="True"/>
        <ShowDebugInfo Value="True"/>
        <ShowUsedFiles Value="True"/>
        <ShowTriedFiles Value="True"/>
        <ShowCompProc Value="True"/>
        <ShowCond Value="True"/>
        <ShowExecInfo Value="True"/>
        <ShowHintsForUnusedUnitsInMainSrc Value="True"/>
        <ShowHintsForSenderNotUsed Value="True"/>
      </Verbosity>
      <ExecuteAfter>
        <Command Value="/home/bernd/Programme/Laz-ESP8266/cross/bin/xtensa-freertos/esp-rtos-3.4/components/esptool_py/esptool/esptool.py --chip esp8266 --port &quot;/dev/ttyUSB0&quot; --baud 115200 --before &quot;default_reset&quot; --after &quot;hard_reset&quot; write_flash -z --flash_mode &quot;dio&quot; --flash_freq &quot;40m&quot; --flash_size &quot;4MB&quot;   0x0 /home/bernd/Programme/Laz-ESP8266/cross/lib/xtensa-freertos/lx106/bootloader.bin 0x10000 $(TargetFile).bin 0x8000 /home/bernd/Programme/Laz-ESP8266/cross/lib/xtensa-freertos/lx106/partitions_singleapp.bin"/>
        <CompileReasons Build="False" Run="False"/>
      </ExecuteAfter>
    </Other>
  </CompilerOptions>
  <Debugging>
    <Exceptions Count="3">
      <Item1>
        <Name Value="EAbort"/>
      </Item1>
      <Item2>
        <Name Value="ECodetoolError"/>
      </Item2>
      <Item3>
        <Name Value="EFOpenError"/>
      </Item3>
    </Exceptions>
  </Debugging>
</CONFIG>
